
Microsoft Visual Studio Solution File, Format Version 12.00
Project("{FAE04EC0-301F-11D3-BF4B-00C04F79EFBC}") = "TheLibrary", "TheLibrary\TheLibrary.csproj", "{81D6584D-FB48-4CB9-8E12-16A4EA186158}"
EndProject
Project("{FAE04EC0-301F-11D3-BF4B-00C04F79EFBC}") = "Day1", "Day1\Day1.csproj", "{A1F86079-1040-42A3-A38D-00BE9D32E4AE}"
EndProject
Project("{FAE04EC0-301F-11D3-BF4B-00C04F79EFBC}") = "AdventOfCodeTests", "AdventOfCodeTests\AdventOfCodeTests.csproj", "{94B5B915-8E50-440C-9B13-D0A177994733}"
EndProject
Project("{FAE04EC0-301F-11D3-BF4B-00C04F79EFBC}") = "Day2", "Day2\Day2.csproj", "{18926CFF-F317-4BD6-AA2B-73947A81D0D3}"
EndProject
Project("{FAE04EC0-301F-11D3-BF4B-00C04F79EFBC}") = "Day3", "Day3\Day3.csproj", "{B32A7309-2DB4-4294-9E76-D88172A29A79}"
EndProject
Project("{FAE04EC0-301F-11D3-BF4B-00C04F79EFBC}") = "Day4", "Day4\Day4.csproj", "{37EDD839-1C25-45BF-A1D5-97CAC4B36FA9}"
EndProject
Project("{FAE04EC0-301F-11D3-BF4B-00C04F79EFBC}") = "Day5", "Day5\Day5.csproj", "{76321204-749D-4812-BFCB-60E002B0EDA3}"
EndProject
Project("{FAE04EC0-301F-11D3-BF4B-00C04F79EFBC}") = "Day6", "Day6\Day6.csproj", "{E86C6347-E4D0-4400-82EB-C1E38E6A752F}"
EndProject
Global
	GlobalSection(SolutionConfigurationPlatforms) = preSolution
		Debug|Any CPU = Debug|Any CPU
		Release|Any CPU = Release|Any CPU
	EndGlobalSection
	GlobalSection(ProjectConfigurationPlatforms) = postSolution
		{81D6584D-FB48-4CB9-8E12-16A4EA186158}.Debug|Any CPU.ActiveCfg = Debug|Any CPU
		{81D6584D-FB48-4CB9-8E12-16A4EA186158}.Debug|Any CPU.Build.0 = Debug|Any CPU
		{81D6584D-FB48-4CB9-8E12-16A4EA186158}.Release|Any CPU.ActiveCfg = Release|Any CPU
		{81D6584D-FB48-4CB9-8E12-16A4EA186158}.Release|Any CPU.Build.0 = Release|Any CPU
		{A1F86079-1040-42A3-A38D-00BE9D32E4AE}.Debug|Any CPU.ActiveCfg = Debug|Any CPU
		{A1F86079-1040-42A3-A38D-00BE9D32E4AE}.Debug|Any CPU.Build.0 = Debug|Any CPU
		{A1F86079-1040-42A3-A38D-00BE9D32E4AE}.Release|Any CPU.ActiveCfg = Release|Any CPU
		{A1F86079-1040-42A3-A38D-00BE9D32E4AE}.Release|Any CPU.Build.0 = Release|Any CPU
		{94B5B915-8E50-440C-9B13-D0A177994733}.Debug|Any CPU.ActiveCfg = Debug|Any CPU
		{94B5B915-8E50-440C-9B13-D0A177994733}.Debug|Any CPU.Build.0 = Debug|Any CPU
		{94B5B915-8E50-440C-9B13-D0A177994733}.Release|Any CPU.ActiveCfg = Release|Any CPU
		{94B5B915-8E50-440C-9B13-D0A177994733}.Release|Any CPU.Build.0 = Release|Any CPU
		{18926CFF-F317-4BD6-AA2B-73947A81D0D3}.Debug|Any CPU.ActiveCfg = Debug|Any CPU
		{18926CFF-F317-4BD6-AA2B-73947A81D0D3}.Debug|Any CPU.Build.0 = Debug|Any CPU
		{18926CFF-F317-4BD6-AA2B-73947A81D0D3}.Release|Any CPU.ActiveCfg = Release|Any CPU
		{18926CFF-F317-4BD6-AA2B-73947A81D0D3}.Release|Any CPU.Build.0 = Release|Any CPU
		{B32A7309-2DB4-4294-9E76-D88172A29A79}.Debug|Any CPU.ActiveCfg = Debug|Any CPU
		{B32A7309-2DB4-4294-9E76-D88172A29A79}.Debug|Any CPU.Build.0 = Debug|Any CPU
		{B32A7309-2DB4-4294-9E76-D88172A29A79}.Release|Any CPU.ActiveCfg = Release|Any CPU
		{B32A7309-2DB4-4294-9E76-D88172A29A79}.Release|Any CPU.Build.0 = Release|Any CPU
		{37EDD839-1C25-45BF-A1D5-97CAC4B36FA9}.Debug|Any CPU.ActiveCfg = Debug|Any CPU
		{37EDD839-1C25-45BF-A1D5-97CAC4B36FA9}.Debug|Any CPU.Build.0 = Debug|Any CPU
		{37EDD839-1C25-45BF-A1D5-97CAC4B36FA9}.Release|Any CPU.ActiveCfg = Release|Any CPU
		{37EDD839-1C25-45BF-A1D5-97CAC4B36FA9}.Release|Any CPU.Build.0 = Release|Any CPU
		{76321204-749D-4812-BFCB-60E002B0EDA3}.Debug|Any CPU.ActiveCfg = Debug|Any CPU
		{76321204-749D-4812-BFCB-60E002B0EDA3}.Debug|Any CPU.Build.0 = Debug|Any CPU
		{76321204-749D-4812-BFCB-60E002B0EDA3}.Release|Any CPU.ActiveCfg = Release|Any CPU
		{76321204-749D-4812-BFCB-60E002B0EDA3}.Release|Any CPU.Build.0 = Release|Any CPU
		{E86C6347-E4D0-4400-82EB-C1E38E6A752F}.Debug|Any CPU.ActiveCfg = Debug|Any CPU
		{E86C6347-E4D0-4400-82EB-C1E38E6A752F}.Debug|Any CPU.Build.0 = Debug|Any CPU
		{E86C6347-E4D0-4400-82EB-C1E38E6A752F}.Release|Any CPU.ActiveCfg = Release|Any CPU
		{E86C6347-E4D0-4400-82EB-C1E38E6A752F}.Release|Any CPU.Build.0 = Release|Any CPU
	EndGlobalSection
EndGlobal
